
Microsoft Visual Studio Solution File, Format Version 12.00
# Visual Studio Version 17
VisualStudioVersion = 17.3.32922.545
MinimumVisualStudioVersion = 10.0.40219.1
Project("{FAE04EC0-301F-11D3-BF4B-00C04F79EFBC}") = "CosoleApp", "CosoleApp\CosoleApp.csproj", "{72DDA96D-E45B-42F6-B993-E52A033BCC17}"
EndProject
Project("{FAE04EC0-301F-11D3-BF4B-00C04F79EFBC}") = "TDD_Tests", "TDD_Tests\TDD_Tests.csproj", "{74836483-D135-4CA6-9E31-34891E8D0457}"
EndProject
Global
	GlobalSection(SolutionConfigurationPlatforms) = preSolution
		Debug|Any CPU = Debug|Any CPU
		Release|Any CPU = Release|Any CPU
	EndGlobalSection
	GlobalSection(ProjectConfigurationPlatforms) = postSolution
		{72DDA96D-E45B-42F6-B993-E52A033BCC17}.Debug|Any CPU.ActiveCfg = Debug|Any CPU
		{72DDA96D-E45B-42F6-B993-E52A033BCC17}.Debug|Any CPU.Build.0 = Debug|Any CPU
		{72DDA96D-E45B-42F6-B993-E52A033BCC17}.Release|Any CPU.ActiveCfg = Release|Any CPU
		{72DDA96D-E45B-42F6-B993-E52A033BCC17}.Release|Any CPU.Build.0 = Release|Any CPU
		{74836483-D135-4CA6-9E31-34891E8D0457}.Debug|Any CPU.ActiveCfg = Debug|Any CPU
		{74836483-D135-4CA6-9E31-34891E8D0457}.Debug|Any CPU.Build.0 = Debug|Any CPU
		{74836483-D135-4CA6-9E31-34891E8D0457}.Release|Any CPU.ActiveCfg = Release|Any CPU
		{74836483-D135-4CA6-9E31-34891E8D0457}.Release|Any CPU.Build.0 = Release|Any CPU
	EndGlobalSection
	GlobalSection(SolutionProperties) = preSolution
		HideSolutionNode = FALSE
	EndGlobalSection
	GlobalSection(ExtensibilityGlobals) = postSolution
		SolutionGuid = {DB6FFFC2-EC4E-428E-9400-F8C266FD1864}
	EndGlobalSection
EndGlobal
